// !$*UTF8*$!
{
	archiveVersion = 1;
	classes = {
	};
	objectVersion = 46;
	objects = {

/* Begin PBXBuildFile section */
		7B4DA3651E6E029A008CFF8A /* AppDelegate.swift in Sources */ = {isa = PBXBuildFile; fileRef = 7B4DA3641E6E029A008CFF8A /* AppDelegate.swift */; };
		7B4DA3671E6E029A008CFF8A /* ReservationsVC.swift in Sources */ = {isa = PBXBuildFile; fileRef = 7B4DA3661E6E029A008CFF8A /* ReservationsVC.swift */; };
		7B4DA36D1E6E029A008CFF8A /* WFCodingChallenge.xcdatamodeld in Sources */ = {isa = PBXBuildFile; fileRef = 7B4DA36B1E6E029A008CFF8A /* WFCodingChallenge.xcdatamodeld */; };
		7B4DA36F1E6E029A008CFF8A /* Assets.xcassets in Resources */ = {isa = PBXBuildFile; fileRef = 7B4DA36E1E6E029A008CFF8A /* Assets.xcassets */; };
		7B4DA3721E6E029A008CFF8A /* LaunchScreen.storyboard in Resources */ = {isa = PBXBuildFile; fileRef = 7B4DA3701E6E029A008CFF8A /* LaunchScreen.storyboard */; };
		7B4DA37D1E6E0632008CFF8A /* CoreDataStack.swift in Sources */ = {isa = PBXBuildFile; fileRef = 7B4DA37C1E6E0632008CFF8A /* CoreDataStack.swift */; };
		7B4DA37F1E6E1052008CFF8A /* Constants.swift in Sources */ = {isa = PBXBuildFile; fileRef = 7B4DA37E1E6E1052008CFF8A /* Constants.swift */; };
		7B4DA3811E6E10E8008CFF8A /* Extensions.swift in Sources */ = {isa = PBXBuildFile; fileRef = 7B4DA3801E6E10E8008CFF8A /* Extensions.swift */; };
		7B4DA3851E6E1997008CFF8A /* DiscountPageController.swift in Sources */ = {isa = PBXBuildFile; fileRef = 7B4DA3841E6E1997008CFF8A /* DiscountPageController.swift */; };
		7B4DA3891E6E2391008CFF8A /* DiscountVC.swift in Sources */ = {isa = PBXBuildFile; fileRef = 7B4DA3881E6E2391008CFF8A /* DiscountVC.swift */; };
		7BD512D91E6F1DB6009DAEF8 /* PageControllerDataSource.swift in Sources */ = {isa = PBXBuildFile; fileRef = 7BD512D81E6F1DB6009DAEF8 /* PageControllerDataSource.swift */; };
		7BD512DB1E6F423A009DAEF8 /* BaseView.swift in Sources */ = {isa = PBXBuildFile; fileRef = 7BD512DA1E6F423A009DAEF8 /* BaseView.swift */; };
		7BD512DD1E6F431F009DAEF8 /* ServiceSelectorView.swift in Sources */ = {isa = PBXBuildFile; fileRef = 7BD512DC1E6F431F009DAEF8 /* ServiceSelectorView.swift */; };
		7BD512DF1E6F5622009DAEF8 /* BaseTableViewCell.swift in Sources */ = {isa = PBXBuildFile; fileRef = 7BD512DE1E6F5622009DAEF8 /* BaseTableViewCell.swift */; };
		7BD512E11E6F5705009DAEF8 /* ServiceSelectorCell.swift in Sources */ = {isa = PBXBuildFile; fileRef = 7BD512E01E6F5705009DAEF8 /* ServiceSelectorCell.swift */; };
		7BD512E31E6F5AE0009DAEF8 /* Service.swift in Sources */ = {isa = PBXBuildFile; fileRef = 7BD512E21E6F5AE0009DAEF8 /* Service.swift */; };
		7BD512E61E6F5F08009DAEF8 /* ServiceDataSource.swift in Sources */ = {isa = PBXBuildFile; fileRef = 7BD512E51E6F5F08009DAEF8 /* ServiceDataSource.swift */; };
		7BD512EA1E6F7506009DAEF8 /* ScheduleVC.swift in Sources */ = {isa = PBXBuildFile; fileRef = 7BD512E91E6F7506009DAEF8 /* ScheduleVC.swift */; };
		7BD512ED1E6F86B5009DAEF8 /* BaseCollectionViewCelll.swift in Sources */ = {isa = PBXBuildFile; fileRef = 7BD512EC1E6F86B5009DAEF8 /* BaseCollectionViewCelll.swift */; };
		7BD512EF1E6F870A009DAEF8 /* ScheduleHeaderCell.swift in Sources */ = {isa = PBXBuildFile; fileRef = 7BD512EE1E6F870A009DAEF8 /* ScheduleHeaderCell.swift */; };
		7BD512F11E6F8940009DAEF8 /* CalendarCell.swift in Sources */ = {isa = PBXBuildFile; fileRef = 7BD512F01E6F8940009DAEF8 /* CalendarCell.swift */; };
		7BD512F31E6F901A009DAEF8 /* TimeCell.swift in Sources */ = {isa = PBXBuildFile; fileRef = 7BD512F21E6F901A009DAEF8 /* TimeCell.swift */; };
/* End PBXBuildFile section */

/* Begin PBXFileReference section */
		7B4DA3611E6E029A008CFF8A /* WFCodingChallenge.app */ = {isa = PBXFileReference; explicitFileType = wrapper.application; includeInIndex = 0; path = WFCodingChallenge.app; sourceTree = BUILT_PRODUCTS_DIR; };
		7B4DA3641E6E029A008CFF8A /* AppDelegate.swift */ = {isa = PBXFileReference; lastKnownFileType = sourcecode.swift; path = AppDelegate.swift; sourceTree = "<group>"; };
		7B4DA3661E6E029A008CFF8A /* ReservationsVC.swift */ = {isa = PBXFileReference; lastKnownFileType = sourcecode.swift; path = ReservationsVC.swift; sourceTree = "<group>"; };
		7B4DA36C1E6E029A008CFF8A /* WFCodingChallenge.xcdatamodel */ = {isa = PBXFileReference; lastKnownFileType = wrapper.xcdatamodel; path = WFCodingChallenge.xcdatamodel; sourceTree = "<group>"; };
		7B4DA36E1E6E029A008CFF8A /* Assets.xcassets */ = {isa = PBXFileReference; lastKnownFileType = folder.assetcatalog; path = Assets.xcassets; sourceTree = "<group>"; };
		7B4DA3711E6E029A008CFF8A /* Base */ = {isa = PBXFileReference; lastKnownFileType = file.storyboard; name = Base; path = Base.lproj/LaunchScreen.storyboard; sourceTree = "<group>"; };
		7B4DA3731E6E029A008CFF8A /* Info.plist */ = {isa = PBXFileReference; lastKnownFileType = text.plist.xml; path = Info.plist; sourceTree = "<group>"; };
		7B4DA37C1E6E0632008CFF8A /* CoreDataStack.swift */ = {isa = PBXFileReference; fileEncoding = 4; lastKnownFileType = sourcecode.swift; path = CoreDataStack.swift; sourceTree = "<group>"; };
		7B4DA37E1E6E1052008CFF8A /* Constants.swift */ = {isa = PBXFileReference; fileEncoding = 4; lastKnownFileType = sourcecode.swift; path = Constants.swift; sourceTree = "<group>"; };
		7B4DA3801E6E10E8008CFF8A /* Extensions.swift */ = {isa = PBXFileReference; fileEncoding = 4; lastKnownFileType = sourcecode.swift; path = Extensions.swift; sourceTree = "<group>"; };
		7B4DA3841E6E1997008CFF8A /* DiscountPageController.swift */ = {isa = PBXFileReference; fileEncoding = 4; lastKnownFileType = sourcecode.swift; path = DiscountPageController.swift; sourceTree = "<group>"; };
		7B4DA3881E6E2391008CFF8A /* DiscountVC.swift */ = {isa = PBXFileReference; fileEncoding = 4; lastKnownFileType = sourcecode.swift; path = DiscountVC.swift; sourceTree = "<group>"; };
		7BD512D81E6F1DB6009DAEF8 /* PageControllerDataSource.swift */ = {isa = PBXFileReference; fileEncoding = 4; lastKnownFileType = sourcecode.swift; path = PageControllerDataSource.swift; sourceTree = "<group>"; };
		7BD512DA1E6F423A009DAEF8 /* BaseView.swift */ = {isa = PBXFileReference; fileEncoding = 4; lastKnownFileType = sourcecode.swift; path = BaseView.swift; sourceTree = "<group>"; };
		7BD512DC1E6F431F009DAEF8 /* ServiceSelectorView.swift */ = {isa = PBXFileReference; fileEncoding = 4; lastKnownFileType = sourcecode.swift; path = ServiceSelectorView.swift; sourceTree = "<group>"; };
		7BD512DE1E6F5622009DAEF8 /* BaseTableViewCell.swift */ = {isa = PBXFileReference; fileEncoding = 4; lastKnownFileType = sourcecode.swift; path = BaseTableViewCell.swift; sourceTree = "<group>"; };
		7BD512E01E6F5705009DAEF8 /* ServiceSelectorCell.swift */ = {isa = PBXFileReference; fileEncoding = 4; lastKnownFileType = sourcecode.swift; path = ServiceSelectorCell.swift; sourceTree = "<group>"; };
		7BD512E21E6F5AE0009DAEF8 /* Service.swift */ = {isa = PBXFileReference; fileEncoding = 4; lastKnownFileType = sourcecode.swift; path = Service.swift; sourceTree = "<group>"; };
		7BD512E51E6F5F08009DAEF8 /* ServiceDataSource.swift */ = {isa = PBXFileReference; fileEncoding = 4; lastKnownFileType = sourcecode.swift; path = ServiceDataSource.swift; sourceTree = "<group>"; };
		7BD512E91E6F7506009DAEF8 /* ScheduleVC.swift */ = {isa = PBXFileReference; fileEncoding = 4; lastKnownFileType = sourcecode.swift; path = ScheduleVC.swift; sourceTree = "<group>"; };
		7BD512EC1E6F86B5009DAEF8 /* BaseCollectionViewCelll.swift */ = {isa = PBXFileReference; fileEncoding = 4; lastKnownFileType = sourcecode.swift; path = BaseCollectionViewCelll.swift; sourceTree = "<group>"; };
		7BD512EE1E6F870A009DAEF8 /* ScheduleHeaderCell.swift */ = {isa = PBXFileReference; fileEncoding = 4; lastKnownFileType = sourcecode.swift; path = ScheduleHeaderCell.swift; sourceTree = "<group>"; };
		7BD512F01E6F8940009DAEF8 /* CalendarCell.swift */ = {isa = PBXFileReference; fileEncoding = 4; lastKnownFileType = sourcecode.swift; path = CalendarCell.swift; sourceTree = "<group>"; };
		7BD512F21E6F901A009DAEF8 /* TimeCell.swift */ = {isa = PBXFileReference; fileEncoding = 4; lastKnownFileType = sourcecode.swift; path = TimeCell.swift; sourceTree = "<group>"; };
/* End PBXFileReference section */

/* Begin PBXFrameworksBuildPhase section */
		7B4DA35E1E6E029A008CFF8A /* Frameworks */ = {
			isa = PBXFrameworksBuildPhase;
			buildActionMask = 2147483647;
			files = (
			);
			runOnlyForDeploymentPostprocessing = 0;
		};
/* End PBXFrameworksBuildPhase section */

/* Begin PBXGroup section */
		7B4DA3581E6E029A008CFF8A = {
			isa = PBXGroup;
			children = (
				7B4DA3631E6E029A008CFF8A /* WFCodingChallenge */,
				7B4DA3621E6E029A008CFF8A /* Products */,
			);
			sourceTree = "<group>";
		};
		7B4DA3621E6E029A008CFF8A /* Products */ = {
			isa = PBXGroup;
			children = (
				7B4DA3611E6E029A008CFF8A /* WFCodingChallenge.app */,
			);
			name = Products;
			sourceTree = "<group>";
		};
		7B4DA3631E6E029A008CFF8A /* WFCodingChallenge */ = {
			isa = PBXGroup;
			children = (
				7B4DA37C1E6E0632008CFF8A /* CoreDataStack.swift */,
				7B4DA3641E6E029A008CFF8A /* AppDelegate.swift */,
				7B4DA3801E6E10E8008CFF8A /* Extensions.swift */,
				7B4DA37E1E6E1052008CFF8A /* Constants.swift */,
				7B4DA37B1E6E05CA008CFF8A /* Controller */,
				7B4DA37A1E6E05C3008CFF8A /* View */,
				7B4DA3791E6E05BA008CFF8A /* Model */,
				7B4DA36E1E6E029A008CFF8A /* Assets.xcassets */,
				7B4DA3701E6E029A008CFF8A /* LaunchScreen.storyboard */,
				7B4DA3731E6E029A008CFF8A /* Info.plist */,
				7B4DA36B1E6E029A008CFF8A /* WFCodingChallenge.xcdatamodeld */,
			);
			path = WFCodingChallenge;
			sourceTree = "<group>";
		};
		7B4DA3791E6E05BA008CFF8A /* Model */ = {
			isa = PBXGroup;
			children = (
				7BD512E21E6F5AE0009DAEF8 /* Service.swift */,
				7BD512E71E6F731F009DAEF8 /* DataSources */,
			);
			name = Model;
			sourceTree = "<group>";
		};
		7B4DA37A1E6E05C3008CFF8A /* View */ = {
			isa = PBXGroup;
			children = (
				7BD512DA1E6F423A009DAEF8 /* BaseView.swift */,
				7BD512DC1E6F431F009DAEF8 /* ServiceSelectorView.swift */,
				7BD512E41E6F5E91009DAEF8 /* Cells */,
			);
			name = View;
			sourceTree = "<group>";
		};
		7B4DA37B1E6E05CA008CFF8A /* Controller */ = {
			isa = PBXGroup;
			children = (
				7B4DA3661E6E029A008CFF8A /* ReservationsVC.swift */,
				7B4DA3841E6E1997008CFF8A /* DiscountPageController.swift */,
				7B4DA3881E6E2391008CFF8A /* DiscountVC.swift */,
				7BD512E91E6F7506009DAEF8 /* ScheduleVC.swift */,
			);
			name = Controller;
			sourceTree = "<group>";
		};
		7BD512E41E6F5E91009DAEF8 /* Cells */ = {
			isa = PBXGroup;
			children = (
				7BD512DE1E6F5622009DAEF8 /* BaseTableViewCell.swift */,
				7BD512E01E6F5705009DAEF8 /* ServiceSelectorCell.swift */,
				7BD512EB1E6F852D009DAEF8 /* SceduleCVCells */,
			);
			name = Cells;
			sourceTree = "<group>";
		};
		7BD512E71E6F731F009DAEF8 /* DataSources */ = {
			isa = PBXGroup;
			children = (
				7BD512D81E6F1DB6009DAEF8 /* PageControllerDataSource.swift */,
				7BD512E51E6F5F08009DAEF8 /* ServiceDataSource.swift */,
			);
			name = DataSources;
			sourceTree = "<group>";
		};
		7BD512EB1E6F852D009DAEF8 /* SceduleCVCells */ = {
			isa = PBXGroup;
			children = (
				7BD512EC1E6F86B5009DAEF8 /* BaseCollectionViewCelll.swift */,
				7BD512EE1E6F870A009DAEF8 /* ScheduleHeaderCell.swift */,
				7BD512F01E6F8940009DAEF8 /* CalendarCell.swift */,
				7BD512F21E6F901A009DAEF8 /* TimeCell.swift */,
			);
			name = SceduleCVCells;
			sourceTree = "<group>";
		};
/* End PBXGroup section */

/* Begin PBXNativeTarget section */
		7B4DA3601E6E029A008CFF8A /* WFCodingChallenge */ = {
			isa = PBXNativeTarget;
			buildConfigurationList = 7B4DA3761E6E029A008CFF8A /* Build configuration list for PBXNativeTarget "WFCodingChallenge" */;
			buildPhases = (
				7B4DA35D1E6E029A008CFF8A /* Sources */,
				7B4DA35E1E6E029A008CFF8A /* Frameworks */,
				7B4DA35F1E6E029A008CFF8A /* Resources */,
			);
			buildRules = (
			);
			dependencies = (
			);
			name = WFCodingChallenge;
			productName = WFCodingChallenge;
			productReference = 7B4DA3611E6E029A008CFF8A /* WFCodingChallenge.app */;
			productType = "com.apple.product-type.application";
		};
/* End PBXNativeTarget section */

/* Begin PBXProject section */
		7B4DA3591E6E029A008CFF8A /* Project object */ = {
			isa = PBXProject;
			attributes = {
				LastSwiftUpdateCheck = 0810;
				LastUpgradeCheck = 0810;
				ORGANIZATIONNAME = "James Rochabrun";
				TargetAttributes = {
					7B4DA3601E6E029A008CFF8A = {
						CreatedOnToolsVersion = 8.1;
						DevelopmentTeam = ULU46F325W;
						ProvisioningStyle = Automatic;
					};
				};
			};
			buildConfigurationList = 7B4DA35C1E6E029A008CFF8A /* Build configuration list for PBXProject "WFCodingChallenge" */;
			compatibilityVersion = "Xcode 3.2";
			developmentRegion = English;
			hasScannedForEncodings = 0;
			knownRegions = (
				en,
				Base,
			);
			mainGroup = 7B4DA3581E6E029A008CFF8A;
			productRefGroup = 7B4DA3621E6E029A008CFF8A /* Products */;
			projectDirPath = "";
			projectRoot = "";
			targets = (
				7B4DA3601E6E029A008CFF8A /* WFCodingChallenge */,
			);
		};
/* End PBXProject section */

/* Begin PBXResourcesBuildPhase section */
		7B4DA35F1E6E029A008CFF8A /* Resources */ = {
			isa = PBXResourcesBuildPhase;
			buildActionMask = 2147483647;
			files = (
				7B4DA3721E6E029A008CFF8A /* LaunchScreen.storyboard in Resources */,
				7B4DA36F1E6E029A008CFF8A /* Assets.xcassets in Resources */,
			);
			runOnlyForDeploymentPostprocessing = 0;
		};
/* End PBXResourcesBuildPhase section */

/* Begin PBXSourcesBuildPhase section */
		7B4DA35D1E6E029A008CFF8A /* Sources */ = {
			isa = PBXSourcesBuildPhase;
			buildActionMask = 2147483647;
			files = (
				7B4DA37F1E6E1052008CFF8A /* Constants.swift in Sources */,
				7BD512EF1E6F870A009DAEF8 /* ScheduleHeaderCell.swift in Sources */,
				7BD512EA1E6F7506009DAEF8 /* ScheduleVC.swift in Sources */,
				7B4DA3811E6E10E8008CFF8A /* Extensions.swift in Sources */,
				7BD512ED1E6F86B5009DAEF8 /* BaseCollectionViewCelll.swift in Sources */,
				7BD512E11E6F5705009DAEF8 /* ServiceSelectorCell.swift in Sources */,
				7B4DA3891E6E2391008CFF8A /* DiscountVC.swift in Sources */,
				7B4DA3671E6E029A008CFF8A /* ReservationsVC.swift in Sources */,
				7BD512F31E6F901A009DAEF8 /* TimeCell.swift in Sources */,
				7BD512E31E6F5AE0009DAEF8 /* Service.swift in Sources */,
				7BD512DB1E6F423A009DAEF8 /* BaseView.swift in Sources */,
				7BD512F11E6F8940009DAEF8 /* CalendarCell.swift in Sources */,
				7BD512D91E6F1DB6009DAEF8 /* PageControllerDataSource.swift in Sources */,
				7B4DA3651E6E029A008CFF8A /* AppDelegate.swift in Sources */,
				7B4DA36D1E6E029A008CFF8A /* WFCodingChallenge.xcdatamodeld in Sources */,
				7BD512DD1E6F431F009DAEF8 /* ServiceSelectorView.swift in Sources */,
				7B4DA3851E6E1997008CFF8A /* DiscountPageController.swift in Sources */,
				7BD512DF1E6F5622009DAEF8 /* BaseTableViewCell.swift in Sources */,
				7BD512E61E6F5F08009DAEF8 /* ServiceDataSource.swift in Sources */,
				7B4DA37D1E6E0632008CFF8A /* CoreDataStack.swift in Sources */,
			);
			runOnlyForDeploymentPostprocessing = 0;
		};
/* End PBXSourcesBuildPhase section */

/* Begin PBXVariantGroup section */
		7B4DA3701E6E029A008CFF8A /* LaunchScreen.storyboard */ = {
			isa = PBXVariantGroup;
			children = (
				7B4DA3711E6E029A008CFF8A /* Base */,
			);
			name = LaunchScreen.storyboard;
			sourceTree = "<group>";
		};
/* End PBXVariantGroup section */

/* Begin XCBuildConfiguration section */
		7B4DA3741E6E029A008CFF8A /* Debug */ = {
			isa = XCBuildConfiguration;
			buildSettings = {
				ALWAYS_SEARCH_USER_PATHS = NO;
				CLANG_ANALYZER_NONNULL = YES;
				CLANG_CXX_LANGUAGE_STANDARD = "gnu++0x";
				CLANG_CXX_LIBRARY = "libc++";
				CLANG_ENABLE_MODULES = YES;
				CLANG_ENABLE_OBJC_ARC = YES;
				CLANG_WARN_BOOL_CONVERSION = YES;
				CLANG_WARN_CONSTANT_CONVERSION = YES;
				CLANG_WARN_DIRECT_OBJC_ISA_USAGE = YES_ERROR;
				CLANG_WARN_DOCUMENTATION_COMMENTS = YES;
				CLANG_WARN_EMPTY_BODY = YES;
				CLANG_WARN_ENUM_CONVERSION = YES;
				CLANG_WARN_INFINITE_RECURSION = YES;
				CLANG_WARN_INT_CONVERSION = YES;
				CLANG_WARN_OBJC_ROOT_CLASS = YES_ERROR;
				CLANG_WARN_SUSPICIOUS_MOVES = YES;
				CLANG_WARN_UNREACHABLE_CODE = YES;
				CLANG_WARN__DUPLICATE_METHOD_MATCH = YES;
				"CODE_SIGN_IDENTITY[sdk=iphoneos*]" = "iPhone Developer";
				COPY_PHASE_STRIP = NO;
				DEBUG_INFORMATION_FORMAT = dwarf;
				ENABLE_STRICT_OBJC_MSGSEND = YES;
				ENABLE_TESTABILITY = YES;
				GCC_C_LANGUAGE_STANDARD = gnu99;
				GCC_DYNAMIC_NO_PIC = NO;
				GCC_NO_COMMON_BLOCKS = YES;
				GCC_OPTIMIZATION_LEVEL = 0;
				GCC_PREPROCESSOR_DEFINITIONS = (
					"DEBUG=1",
					"$(inherited)",
				);
				GCC_WARN_64_TO_32_BIT_CONVERSION = YES;
				GCC_WARN_ABOUT_RETURN_TYPE = YES_ERROR;
				GCC_WARN_UNDECLARED_SELECTOR = YES;
				GCC_WARN_UNINITIALIZED_AUTOS = YES_AGGRESSIVE;
				GCC_WARN_UNUSED_FUNCTION = YES;
				GCC_WARN_UNUSED_VARIABLE = YES;
				IPHONEOS_DEPLOYMENT_TARGET = 10.1;
				MTL_ENABLE_DEBUG_INFO = YES;
				ONLY_ACTIVE_ARCH = YES;
				SDKROOT = iphoneos;
				SWIFT_ACTIVE_COMPILATION_CONDITIONS = DEBUG;
				SWIFT_OPTIMIZATION_LEVEL = "-Onone";
			};
			name = Debug;
		};
		7B4DA3751E6E029A008CFF8A /* Release */ = {
			isa = XCBuildConfiguration;
			buildSettings = {
				ALWAYS_SEARCH_USER_PATHS = NO;
				CLANG_ANALYZER_NONNULL = YES;
				CLANG_CXX_LANGUAGE_STANDARD = "gnu++0x";
				CLANG_CXX_LIBRARY = "libc++";
				CLANG_ENABLE_MODULES = YES;
				CLANG_ENABLE_OBJC_ARC = YES;
				CLANG_WARN_BOOL_CONVERSION = YES;
				CLANG_WARN_CONSTANT_CONVERSION = YES;
				CLANG_WARN_DIRECT_OBJC_ISA_USAGE = YES_ERROR;
				CLANG_WARN_DOCUMENTATION_COMMENTS = YES;
				CLANG_WARN_EMPTY_BODY = YES;
				CLANG_WARN_ENUM_CONVERSION = YES;
				CLANG_WARN_INFINITE_RECURSION = YES;
				CLANG_WARN_INT_CONVERSION = YES;
				CLANG_WARN_OBJC_ROOT_CLASS = YES_ERROR;
				CLANG_WARN_SUSPICIOUS_MOVES = YES;
				CLANG_WARN_UNREACHABLE_CODE = YES;
				CLANG_WARN__DUPLICATE_METHOD_MATCH = YES;
				"CODE_SIGN_IDENTITY[sdk=iphoneos*]" = "iPhone Developer";
				COPY_PHASE_STRIP = NO;
				DEBUG_INFORMATION_FORMAT = "dwarf-with-dsym";
				ENABLE_NS_ASSERTIONS = NO;
				ENABLE_STRICT_OBJC_MSGSEND = YES;
				GCC_C_LANGUAGE_STANDARD = gnu99;
				GCC_NO_COMMON_BLOCKS = YES;
				GCC_WARN_64_TO_32_BIT_CONVERSION = YES;
				GCC_WARN_ABOUT_RETURN_TYPE = YES_ERROR;
				GCC_WARN_UNDECLARED_SELECTOR = YES;
				GCC_WARN_UNINITIALIZED_AUTOS = YES_AGGRESSIVE;
				GCC_WARN_UNUSED_FUNCTION = YES;
				GCC_WARN_UNUSED_VARIABLE = YES;
				IPHONEOS_DEPLOYMENT_TARGET = 10.1;
				MTL_ENABLE_DEBUG_INFO = NO;
				SDKROOT = iphoneos;
				SWIFT_OPTIMIZATION_LEVEL = "-Owholemodule";
				VALIDATE_PRODUCT = YES;
			};
			name = Release;
		};
		7B4DA3771E6E029A008CFF8A /* Debug */ = {
			isa = XCBuildConfiguration;
			buildSettings = {
				ASSETCATALOG_COMPILER_APPICON_NAME = AppIcon;
				DEVELOPMENT_TEAM = ULU46F325W;
				INFOPLIST_FILE = WFCodingChallenge/Info.plist;
				IPHONEOS_DEPLOYMENT_TARGET = 9.0;
				LD_RUNPATH_SEARCH_PATHS = "$(inherited) @executable_path/Frameworks";
				PRODUCT_BUNDLE_IDENTIFIER = com.speedelo.WFCodingChallenge;
				PRODUCT_NAME = "$(TARGET_NAME)";
				SWIFT_VERSION = 3.0;
			};
			name = Debug;
		};
		7B4DA3781E6E029A008CFF8A /* Release */ = {
			isa = XCBuildConfiguration;
			buildSettings = {
				ASSETCATALOG_COMPILER_APPICON_NAME = AppIcon;
				DEVELOPMENT_TEAM = ULU46F325W;
				INFOPLIST_FILE = WFCodingChallenge/Info.plist;
				IPHONEOS_DEPLOYMENT_TARGET = 9.0;
				LD_RUNPATH_SEARCH_PATHS = "$(inherited) @executable_path/Frameworks";
				PRODUCT_BUNDLE_IDENTIFIER = com.speedelo.WFCodingChallenge;
				PRODUCT_NAME = "$(TARGET_NAME)";
				SWIFT_VERSION = 3.0;
			};
			name = Release;
		};
/* End XCBuildConfiguration section */

/* Begin XCConfigurationList section */
		7B4DA35C1E6E029A008CFF8A /* Build configuration list for PBXProject "WFCodingChallenge" */ = {
			isa = XCConfigurationList;
			buildConfigurations = (
				7B4DA3741E6E029A008CFF8A /* Debug */,
				7B4DA3751E6E029A008CFF8A /* Release */,
			);
			defaultConfigurationIsVisible = 0;
			defaultConfigurationName = Release;
		};
		7B4DA3761E6E029A008CFF8A /* Build configuration list for PBXNativeTarget "WFCodingChallenge" */ = {
			isa = XCConfigurationList;
			buildConfigurations = (
				7B4DA3771E6E029A008CFF8A /* Debug */,
				7B4DA3781E6E029A008CFF8A /* Release */,
			);
			defaultConfigurationIsVisible = 0;
			defaultConfigurationName = Release;
		};
/* End XCConfigurationList section */

/* Begin XCVersionGroup section */
		7B4DA36B1E6E029A008CFF8A /* WFCodingChallenge.xcdatamodeld */ = {
			isa = XCVersionGroup;
			children = (
				7B4DA36C1E6E029A008CFF8A /* WFCodingChallenge.xcdatamodel */,
			);
			currentVersion = 7B4DA36C1E6E029A008CFF8A /* WFCodingChallenge.xcdatamodel */;
			path = WFCodingChallenge.xcdatamodeld;
			sourceTree = "<group>";
			versionGroupType = wrapper.xcdatamodel;
		};
/* End XCVersionGroup section */
	};
	rootObject = 7B4DA3591E6E029A008CFF8A /* Project object */;
}
